
Microsoft Visual Studio Solution File, Format Version 12.00
# Visual Studio Version 17
VisualStudioVersion = 17.14.36202.13 d17.14
MinimumVisualStudioVersion = 10.0.40219.1
Project("{FAE04EC0-301F-11D3-BF4B-00C04F79EFBC}") = "07- Atividade", "07- Atividade\07- Atividade.csproj", "{B356762C-1D7B-402E-9D8F-C12C6E230E10}"
EndProject
Global
	GlobalSection(SolutionConfigurationPlatforms) = preSolution
		Debug|Any CPU = Debug|Any CPU
		Release|Any CPU = Release|Any CPU
	EndGlobalSection
	GlobalSection(ProjectConfigurationPlatforms) = postSolution
		{B356762C-1D7B-402E-9D8F-C12C6E230E10}.Debug|Any CPU.ActiveCfg = Debug|Any CPU
		{B356762C-1D7B-402E-9D8F-C12C6E230E10}.Debug|Any CPU.Build.0 = Debug|Any CPU
		{B356762C-1D7B-402E-9D8F-C12C6E230E10}.Release|Any CPU.ActiveCfg = Release|Any CPU
		{B356762C-1D7B-402E-9D8F-C12C6E230E10}.Release|Any CPU.Build.0 = Release|Any CPU
	EndGlobalSection
	GlobalSection(SolutionProperties) = preSolution
		HideSolutionNode = FALSE
	EndGlobalSection
	GlobalSection(ExtensibilityGlobals) = postSolution
		SolutionGuid = {E806793D-654C-46DE-AA9F-739807A77787}
	EndGlobalSection
EndGlobal
