
Microsoft Visual Studio Solution File, Format Version 12.00
# Visual Studio Version 17
VisualStudioVersion = 17.14.36202.13 d17.14
MinimumVisualStudioVersion = 10.0.40219.1
Project("{FAE04EC0-301F-11D3-BF4B-00C04F79EFBC}") = "Extra Atividade - 03", "Extra Atividade - 03\Extra Atividade - 03.csproj", "{1A4E8BD9-5507-46D4-8CF7-F53E4F6E69CC}"
EndProject
Global
	GlobalSection(SolutionConfigurationPlatforms) = preSolution
		Debug|Any CPU = Debug|Any CPU
		Release|Any CPU = Release|Any CPU
	EndGlobalSection
	GlobalSection(ProjectConfigurationPlatforms) = postSolution
		{1A4E8BD9-5507-46D4-8CF7-F53E4F6E69CC}.Debug|Any CPU.ActiveCfg = Debug|Any CPU
		{1A4E8BD9-5507-46D4-8CF7-F53E4F6E69CC}.Debug|Any CPU.Build.0 = Debug|Any CPU
		{1A4E8BD9-5507-46D4-8CF7-F53E4F6E69CC}.Release|Any CPU.ActiveCfg = Release|Any CPU
		{1A4E8BD9-5507-46D4-8CF7-F53E4F6E69CC}.Release|Any CPU.Build.0 = Release|Any CPU
	EndGlobalSection
	GlobalSection(SolutionProperties) = preSolution
		HideSolutionNode = FALSE
	EndGlobalSection
	GlobalSection(ExtensibilityGlobals) = postSolution
		SolutionGuid = {7A2F74F4-61F8-4DE2-A394-85C2FF4472BB}
	EndGlobalSection
EndGlobal
